<?xml version="1.0" encoding="utf-8"?>
<Project ToolsVersion="4.0" xmlns="http://schemas.microsoft.com/developer/msbuild/2003">
  <ItemGroup>
    <Filter Include="Game">
      <UniqueIdentifier>{51cbe21a-5818-404f-96fe-2774aa92079d}</UniqueIdentifier>
    </Filter>
    <Filter Include="Scenes">
      <UniqueIdentifier>{5b5f8941-311f-4027-9ed2-50a0e9bd9e9d}</UniqueIdentifier>
    </Filter>
    <Filter Include="Objects">
      <UniqueIdentifier>{203a7355-5198-4163-bac0-db950b890b28}</UniqueIdentifier>
    </Filter>
    <Filter Include="Utils">
      <UniqueIdentifier>{764dbdee-80da-4353-878d-db5970990051}</UniqueIdentifier>
    </Filter>
    <Filter Include="Interface">
      <UniqueIdentifier>{586da5b7-b505-4573-9c31-7005aefaee21}</UniqueIdentifier>
    </Filter>
  </ItemGroup>
  <ItemGroup>
    <ClCompile Include="src\main.cpp">
      <Filter>Game</Filter>
    </ClCompile>
    <ClCompile Include="src\Game.cpp">
      <Filter>Game</Filter>
    </ClCompile>
    <ClCompile Include="src\Interface\Button.cpp">
      <Filter>Interface</Filter>
    </ClCompile>
    <ClCompile Include="src\Interface\Text.cpp">
      <Filter>Interface</Filter>
    </ClCompile>
    <ClCompile Include="src\Utils\SoundManager.cpp">
      <Filter>Utils</Filter>
    </ClCompile>
    <ClCompile Include="src\Utils\Utils.cpp">
      <Filter>Utils</Filter>
    </ClCompile>
    <ClCompile Include="src\Objects\Player.cpp">
      <Filter>Objects</Filter>
    </ClCompile>
    <ClCompile Include="src\Scenes\Credits.cpp">
      <Filter>Scenes</Filter>
    </ClCompile>
    <ClCompile Include="src\Scenes\GameOver.cpp">
      <Filter>Scenes</Filter>
    </ClCompile>
    <ClCompile Include="src\Scenes\Gameplay.cpp">
      <Filter>Scenes</Filter>
    </ClCompile>
    <ClCompile Include="src\Scenes\MainMenu.cpp">
      <Filter>Scenes</Filter>
    </ClCompile>
    <ClCompile Include="src\Scenes\Pause.cpp">
      <Filter>Scenes</Filter>
    </ClCompile>
    <ClCompile Include="src\Scenes\Tutorial.cpp">
      <Filter>Scenes</Filter>
    </ClCompile>
    <ClCompile Include="src\Objects\Obstacle.cpp">
      <Filter>Objects</Filter>
    </ClCompile>
    <ClCompile Include="src\Objects\Parallax.cpp">
      <Filter>Objects</Filter>
    </ClCompile>
    <ClCompile Include="src\Scenes\HowToPlay.cpp">
      <Filter>Scenes</Filter>
    </ClCompile>
  </ItemGroup>
  <ItemGroup>
    <ClInclude Include="src\Game.h">
      <Filter>Game</Filter>
    </ClInclude>
    <ClInclude Include="src\Interface\Button.h">
      <Filter>Interface</Filter>
    </ClInclude>
    <ClInclude Include="src\Interface\Text.h">
      <Filter>Interface</Filter>
    </ClInclude>
    <ClInclude Include="src\Utils\SoundManager.h">
      <Filter>Utils</Filter>
    </ClInclude>
    <ClInclude Include="src\Utils\Utils.h">
      <Filter>Utils</Filter>
    </ClInclude>
    <ClInclude Include="src\Objects\Circle.h">
      <Filter>Objects</Filter>
    </ClInclude>
    <ClInclude Include="src\Objects\Player.h">
      <Filter>Objects</Filter>
    </ClInclude>
    <ClInclude Include="src\Objects\Sprite.h">
      <Filter>Objects</Filter>
    </ClInclude>
    <ClInclude Include="src\Scenes\Credits.h">
      <Filter>Scenes</Filter>
    </ClInclude>
    <ClInclude Include="src\Scenes\GameOver.h">
      <Filter>Scenes</Filter>
    </ClInclude>
    <ClInclude Include="src\Scenes\Gameplay.h">
      <Filter>Scenes</Filter>
    </ClInclude>
    <ClInclude Include="src\Scenes\MainMenu.h">
      <Filter>Scenes</Filter>
    </ClInclude>
    <ClInclude Include="src\Scenes\Pause.h">
      <Filter>Scenes</Filter>
    </ClInclude>
    <ClInclude Include="src\Scenes\Tutorial.h">
      <Filter>Scenes</Filter>
    </ClInclude>
    <ClInclude Include="src\Objects\Obstacle.h">
      <Filter>Objects</Filter>
    </ClInclude>
    <ClInclude Include="src\Objects\AnimatedSprite.h">
      <Filter>Objects</Filter>
    </ClInclude>
    <ClInclude Include="src\Objects\Parallax.h">
      <Filter>Objects</Filter>
    </ClInclude>
    <ClInclude Include="src\Interface\MovingBackground.h">
      <Filter>Interface</Filter>
    </ClInclude>
    <ClInclude Include="src\Scenes\HowToPlay.h">
      <Filter>Scenes</Filter>
    </ClInclude>
  </ItemGroup>
</Project>